
Microsoft Visual Studio Solution File, Format Version 12.00
# Visual Studio Version 17
VisualStudioVersion = 17.5.33516.290
MinimumVisualStudioVersion = 10.0.40219.1
Project("{9A19103F-16F7-4668-BE54-9A1E7A4F7556}") = "2.BasicTypeCast", "2.BasicTypeCast\2.BasicTypeCast.csproj", "{55EC473F-FB88-4D32-9E49-2DED77A6A5C6}"
EndProject
Project("{9A19103F-16F7-4668-BE54-9A1E7A4F7556}") = "0.FirstMeet", "0.FirstMeet\0.FirstMeet.csproj", "{71DB180B-776A-4096-BBF3-9C9BE94C40E9}"
EndProject
Project("{9A19103F-16F7-4668-BE54-9A1E7A4F7556}") = "1.DataAndValueType", "1.DataAndValueType\1.DataAndValueType.csproj", "{7CE00F67-03EB-4B9E-8B2A-4116BE91504C}"
EndProject
Project("{FAE04EC0-301F-11D3-BF4B-00C04F79EFBC}") = "3.Operator", "3.Operator\3.Operator.csproj", "{9EFA4D7C-63CF-4BC7-A593-4FDC45B29F39}"
EndProject
Global
	GlobalSection(SolutionConfigurationPlatforms) = preSolution
		Debug|Any CPU = Debug|Any CPU
		Release|Any CPU = Release|Any CPU
	EndGlobalSection
	GlobalSection(ProjectConfigurationPlatforms) = postSolution
		{55EC473F-FB88-4D32-9E49-2DED77A6A5C6}.Debug|Any CPU.ActiveCfg = Debug|Any CPU
		{55EC473F-FB88-4D32-9E49-2DED77A6A5C6}.Debug|Any CPU.Build.0 = Debug|Any CPU
		{55EC473F-FB88-4D32-9E49-2DED77A6A5C6}.Release|Any CPU.ActiveCfg = Release|Any CPU
		{55EC473F-FB88-4D32-9E49-2DED77A6A5C6}.Release|Any CPU.Build.0 = Release|Any CPU
		{71DB180B-776A-4096-BBF3-9C9BE94C40E9}.Debug|Any CPU.ActiveCfg = Debug|Any CPU
		{71DB180B-776A-4096-BBF3-9C9BE94C40E9}.Debug|Any CPU.Build.0 = Debug|Any CPU
		{71DB180B-776A-4096-BBF3-9C9BE94C40E9}.Release|Any CPU.ActiveCfg = Release|Any CPU
		{71DB180B-776A-4096-BBF3-9C9BE94C40E9}.Release|Any CPU.Build.0 = Release|Any CPU
		{7CE00F67-03EB-4B9E-8B2A-4116BE91504C}.Debug|Any CPU.ActiveCfg = Debug|Any CPU
		{7CE00F67-03EB-4B9E-8B2A-4116BE91504C}.Debug|Any CPU.Build.0 = Debug|Any CPU
		{7CE00F67-03EB-4B9E-8B2A-4116BE91504C}.Release|Any CPU.ActiveCfg = Release|Any CPU
		{7CE00F67-03EB-4B9E-8B2A-4116BE91504C}.Release|Any CPU.Build.0 = Release|Any CPU
		{9EFA4D7C-63CF-4BC7-A593-4FDC45B29F39}.Debug|Any CPU.ActiveCfg = Debug|Any CPU
		{9EFA4D7C-63CF-4BC7-A593-4FDC45B29F39}.Debug|Any CPU.Build.0 = Debug|Any CPU
		{9EFA4D7C-63CF-4BC7-A593-4FDC45B29F39}.Release|Any CPU.ActiveCfg = Release|Any CPU
		{9EFA4D7C-63CF-4BC7-A593-4FDC45B29F39}.Release|Any CPU.Build.0 = Release|Any CPU
	EndGlobalSection
	GlobalSection(SolutionProperties) = preSolution
		HideSolutionNode = FALSE
	EndGlobalSection
	GlobalSection(ExtensibilityGlobals) = postSolution
		SolutionGuid = {A69CD06A-C093-4C71-B864-62C5DF51499C}
	EndGlobalSection
EndGlobal
